
Microsoft Visual Studio Solution File, Format Version 12.00
# Visual Studio Version 17
VisualStudioVersion = 17.4.33205.214
MinimumVisualStudioVersion = 10.0.40219.1
Project("{FAE04EC0-301F-11D3-BF4B-00C04F79EFBC}") = "ClassroomManagement.web", "ClassroomManagement.web\ClassroomManagement.web.csproj", "{EB639E6F-4344-42B7-BED2-DEE52548BFE0}"
EndProject
Global
	GlobalSection(SolutionConfigurationPlatforms) = preSolution
		Debug|Any CPU = Debug|Any CPU
		Release|Any CPU = Release|Any CPU
	EndGlobalSection
	GlobalSection(ProjectConfigurationPlatforms) = postSolution
		{EB639E6F-4344-42B7-BED2-DEE52548BFE0}.Debug|Any CPU.ActiveCfg = Debug|Any CPU
		{EB639E6F-4344-42B7-BED2-DEE52548BFE0}.Debug|Any CPU.Build.0 = Debug|Any CPU
		{EB639E6F-4344-42B7-BED2-DEE52548BFE0}.Release|Any CPU.ActiveCfg = Release|Any CPU
		{EB639E6F-4344-42B7-BED2-DEE52548BFE0}.Release|Any CPU.Build.0 = Release|Any CPU
	EndGlobalSection
	GlobalSection(SolutionProperties) = preSolution
		HideSolutionNode = FALSE
	EndGlobalSection
	GlobalSection(ExtensibilityGlobals) = postSolution
		SolutionGuid = {CB7D3355-9850-4E4B-A210-F51971D1D65D}
	EndGlobalSection
EndGlobal
